
Microsoft Visual Studio Solution File, Format Version 12.00
# Visual Studio Version 16
VisualStudioVersion = 16.0.29102.190
MinimumVisualStudioVersion = 10.0.40219.1
Project("{FAE04EC0-301F-11D3-BF4B-00C04F79EFBC}") = "AddBinary", "AddBinary\AddBinary.csproj", "{EF21CAC3-1B07-43AA-A911-1F26A2E86160}"
EndProject
Global
	GlobalSection(SolutionConfigurationPlatforms) = preSolution
		Debug|Any CPU = Debug|Any CPU
		Release|Any CPU = Release|Any CPU
	EndGlobalSection
	GlobalSection(ProjectConfigurationPlatforms) = postSolution
		{EF21CAC3-1B07-43AA-A911-1F26A2E86160}.Debug|Any CPU.ActiveCfg = Debug|Any CPU
		{EF21CAC3-1B07-43AA-A911-1F26A2E86160}.Debug|Any CPU.Build.0 = Debug|Any CPU
		{EF21CAC3-1B07-43AA-A911-1F26A2E86160}.Release|Any CPU.ActiveCfg = Release|Any CPU
		{EF21CAC3-1B07-43AA-A911-1F26A2E86160}.Release|Any CPU.Build.0 = Release|Any CPU
	EndGlobalSection
	GlobalSection(SolutionProperties) = preSolution
		HideSolutionNode = FALSE
	EndGlobalSection
	GlobalSection(ExtensibilityGlobals) = postSolution
		SolutionGuid = {0799886B-8A1E-45A6-B5DF-EB307F241E58}
	EndGlobalSection
EndGlobal
